
Microsoft Visual Studio Solution File, Format Version 12.00
# Visual Studio Version 17
VisualStudioVersion = 17.4.33205.214
MinimumVisualStudioVersion = 10.0.40219.1
Project("{9A19103F-16F7-4668-BE54-9A1E7A4F7556}") = "F1DragRace", "F1DragRace.csproj", "{493508B2-EA02-462D-803F-3BF5691EF811}"
EndProject
Global
	GlobalSection(SolutionConfigurationPlatforms) = preSolution
		Debug|Any CPU = Debug|Any CPU
		Release|Any CPU = Release|Any CPU
	EndGlobalSection
	GlobalSection(ProjectConfigurationPlatforms) = postSolution
		{493508B2-EA02-462D-803F-3BF5691EF811}.Debug|Any CPU.ActiveCfg = Debug|Any CPU
		{493508B2-EA02-462D-803F-3BF5691EF811}.Debug|Any CPU.Build.0 = Debug|Any CPU
		{493508B2-EA02-462D-803F-3BF5691EF811}.Release|Any CPU.ActiveCfg = Release|Any CPU
		{493508B2-EA02-462D-803F-3BF5691EF811}.Release|Any CPU.Build.0 = Release|Any CPU
	EndGlobalSection
	GlobalSection(SolutionProperties) = preSolution
		HideSolutionNode = FALSE
	EndGlobalSection
	GlobalSection(ExtensibilityGlobals) = postSolution
		SolutionGuid = {87530E4D-EFB1-461C-9A41-49998E0574FD}
	EndGlobalSection
EndGlobal
